
Microsoft Visual Studio Solution File, Format Version 12.00
# Visual Studio Version 16
VisualStudioVersion = 16.0.30002.166
MinimumVisualStudioVersion = 10.0.40219.1
Project("{FAE04EC0-301F-11D3-BF4B-00C04F79EFBC}") = "coffee-critique-git", "coffee-critique-git.csproj", "{A42C5C89-2AFD-4FA5-85BE-74CD65EED753}"
EndProject
Global
	GlobalSection(SolutionConfigurationPlatforms) = preSolution
		Debug|Any CPU = Debug|Any CPU
		Release|Any CPU = Release|Any CPU
	EndGlobalSection
	GlobalSection(ProjectConfigurationPlatforms) = postSolution
		{A42C5C89-2AFD-4FA5-85BE-74CD65EED753}.Debug|Any CPU.ActiveCfg = Debug|Any CPU
		{A42C5C89-2AFD-4FA5-85BE-74CD65EED753}.Debug|Any CPU.Build.0 = Debug|Any CPU
		{A42C5C89-2AFD-4FA5-85BE-74CD65EED753}.Release|Any CPU.ActiveCfg = Release|Any CPU
		{A42C5C89-2AFD-4FA5-85BE-74CD65EED753}.Release|Any CPU.Build.0 = Release|Any CPU
	EndGlobalSection
	GlobalSection(SolutionProperties) = preSolution
		HideSolutionNode = FALSE
	EndGlobalSection
	GlobalSection(ExtensibilityGlobals) = postSolution
		SolutionGuid = {10DEAAE7-1848-4DDB-8329-2C15032DA004}
	EndGlobalSection
EndGlobal
